
Microsoft Visual Studio Solution File, Format Version 12.00
# Visual Studio 15
VisualStudioVersion = 15.0.26730.16
MinimumVisualStudioVersion = 10.0.40219.1
Project("{FAE04EC0-301F-11D3-BF4B-00C04F79EFBC}") = "NCmd", "NCmd\NCmd.csproj", "{28E1F94F-17B4-4439-8038-0A77BBD4FDCE}"
EndProject
Project("{FAE04EC0-301F-11D3-BF4B-00C04F79EFBC}") = "NCmdDemo", "NCmdDemo\NCmdDemo.csproj", "{CAF1086D-CA1D-4833-9292-5B34B8E89F88}"
EndProject
Global
	GlobalSection(SolutionConfigurationPlatforms) = preSolution
		Debug|Any CPU = Debug|Any CPU
		Release|Any CPU = Release|Any CPU
	EndGlobalSection
	GlobalSection(ProjectConfigurationPlatforms) = postSolution
		{28E1F94F-17B4-4439-8038-0A77BBD4FDCE}.Debug|Any CPU.ActiveCfg = Debug|Any CPU
		{28E1F94F-17B4-4439-8038-0A77BBD4FDCE}.Debug|Any CPU.Build.0 = Debug|Any CPU
		{28E1F94F-17B4-4439-8038-0A77BBD4FDCE}.Release|Any CPU.ActiveCfg = Release|Any CPU
		{28E1F94F-17B4-4439-8038-0A77BBD4FDCE}.Release|Any CPU.Build.0 = Release|Any CPU
		{CAF1086D-CA1D-4833-9292-5B34B8E89F88}.Debug|Any CPU.ActiveCfg = Debug|Any CPU
		{CAF1086D-CA1D-4833-9292-5B34B8E89F88}.Debug|Any CPU.Build.0 = Debug|Any CPU
		{CAF1086D-CA1D-4833-9292-5B34B8E89F88}.Release|Any CPU.ActiveCfg = Release|Any CPU
		{CAF1086D-CA1D-4833-9292-5B34B8E89F88}.Release|Any CPU.Build.0 = Release|Any CPU
	EndGlobalSection
	GlobalSection(SolutionProperties) = preSolution
		HideSolutionNode = FALSE
	EndGlobalSection
	GlobalSection(ExtensibilityGlobals) = postSolution
		SolutionGuid = {8F6CC3CF-6179-4D8F-B978-EEA897DF1D23}
	EndGlobalSection
EndGlobal
